Microsoft Visual Studio Solution File, Format Version 12.00
# Visual Studio Version 17
VisualStudioVersion = 17.5.2.0
MinimumVisualStudioVersion = 10.0.40219.1
Project("{FAE04EC0-301F-11D3-BF4B-00C04F79EFBC}") = "InternalKnowledgeBase.Api", "InternalKnowledgeBase.Api.csproj", "{D6B0768C-4325-CE4A-6414-688042C04D7C}"
EndProject
Global
	GlobalSection(SolutionConfigurationPlatforms) = preSolution
		Debug|Any CPU = Debug|Any CPU
		Release|Any CPU = Release|Any CPU
	EndGlobalSection
	GlobalSection(ProjectConfigurationPlatforms) = postSolution
		{D6B0768C-4325-CE4A-6414-688042C04D7C}.Debug|Any CPU.ActiveCfg = Debug|Any CPU
		{D6B0768C-4325-CE4A-6414-688042C04D7C}.Debug|Any CPU.Build.0 = Debug|Any CPU
		{D6B0768C-4325-CE4A-6414-688042C04D7C}.Release|Any CPU.ActiveCfg = Release|Any CPU
		{D6B0768C-4325-CE4A-6414-688042C04D7C}.Release|Any CPU.Build.0 = Release|Any CPU
	EndGlobalSection
	GlobalSection(SolutionProperties) = preSolution
		HideSolutionNode = FALSE
	EndGlobalSection
	GlobalSection(ExtensibilityGlobals) = postSolution
		SolutionGuid = {7C9C4C9A-B6E9-4000-9F80-B90F6E8DD38D}
	EndGlobalSection
EndGlobal
